
Microsoft Visual Studio Solution File, Format Version 12.00
# Visual Studio Version 17
VisualStudioVersion = 17.0.0.0
MinimumVisualStudioVersion = 10.0.40219.1
Project("{FAE04EC0-301F-11D3-BF4B-00C04F79EFBC}") = "core.Api", "core.Api\core.Api.csproj", "{A8E4A13F-5A9A-4DDE-8A8D-5B5A75883161}"
EndProject
Project("{FAE04EC0-301F-11D3-BF4B-00C04F79EFBC}") = "core.Application", "core.Application\core.Application.csproj", "{B8E4A13F-5A9A-4DDE-8A8D-5B5A75883162}"
EndProject
Project("{FAE04EC0-301F-11D3-BF4B-00C04F79EFBC}") = "core.Domain", "core.Domain\core.Domain.csproj", "{C8E4A13F-5A9A-4DDE-8A8D-5B5A75883163}"
EndProject
Project("{FAE04EC0-301F-11D3-BF4B-00C04F79EFBC}") = "core.Infrastructure", "core.Infrastructure\core.Infrastructure.csproj", "{D8E4A13F-5A9A-4DDE-8A8D-5B5A75883164}"
EndProject
Project("{2150E333-8FDC-42A3-9474-1A3956D46DE8}") = "tests", "tests", "{0AB3BF05-4346-4AA6-1389-037BE0695223}"
EndProject
Project("{FAE04EC0-301F-11D3-BF4B-00C04F79EFBC}") = "core.UnitTests", "tests\core.UnitTests\core.UnitTests.csproj", "{1A4819C2-26B5-4B4B-9243-6D10A5FBB555}"
EndProject
Global
	GlobalSection(SolutionConfigurationPlatforms) = preSolution
		Debug|Any CPU = Debug|Any CPU
		Debug|x64 = Debug|x64
		Debug|x86 = Debug|x86
		Release|Any CPU = Release|Any CPU
		Release|x64 = Release|x64
		Release|x86 = Release|x86
	EndGlobalSection
	GlobalSection(ProjectConfigurationPlatforms) = postSolution
		{A8E4A13F-5A9A-4DDE-8A8D-5B5A75883161}.Debug|Any CPU.ActiveCfg = Debug|Any CPU
		{A8E4A13F-5A9A-4DDE-8A8D-5B5A75883161}.Debug|Any CPU.Build.0 = Debug|Any CPU
		{A8E4A13F-5A9A-4DDE-8A8D-5B5A75883161}.Debug|x64.ActiveCfg = Debug|Any CPU
		{A8E4A13F-5A9A-4DDE-8A8D-5B5A75883161}.Debug|x64.Build.0 = Debug|Any CPU
		{A8E4A13F-5A9A-4DDE-8A8D-5B5A75883161}.Debug|x86.ActiveCfg = Debug|Any CPU
		{A8E4A13F-5A9A-4DDE-8A8D-5B5A75883161}.Debug|x86.Build.0 = Debug|Any CPU
		{A8E4A13F-5A9A-4DDE-8A8D-5B5A75883161}.Release|Any CPU.ActiveCfg = Release|Any CPU
		{A8E4A13F-5A9A-4DDE-8A8D-5B5A75883161}.Release|Any CPU.Build.0 = Release|Any CPU
		{A8E4A13F-5A9A-4DDE-8A8D-5B5A75883161}.Release|x64.ActiveCfg = Release|Any CPU
		{A8E4A13F-5A9A-4DDE-8A8D-5B5A75883161}.Release|x64.Build.0 = Release|Any CPU
		{A8E4A13F-5A9A-4DDE-8A8D-5B5A75883161}.Release|x86.ActiveCfg = Release|Any CPU
		{A8E4A13F-5A9A-4DDE-8A8D-5B5A75883161}.Release|x86.Build.0 = Release|Any CPU
		{B8E4A13F-5A9A-4DDE-8A8D-5B5A75883162}.Debug|Any CPU.ActiveCfg = Debug|Any CPU
		{B8E4A13F-5A9A-4DDE-8A8D-5B5A75883162}.Debug|Any CPU.Build.0 = Debug|Any CPU
		{B8E4A13F-5A9A-4DDE-8A8D-5B5A75883162}.Debug|x64.ActiveCfg = Debug|Any CPU
		{B8E4A13F-5A9A-4DDE-8A8D-5B5A75883162}.Debug|x64.Build.0 = Debug|Any CPU
		{B8E4A13F-5A9A-4DDE-8A8D-5B5A75883162}.Debug|x86.ActiveCfg = Debug|Any CPU
		{B8E4A13F-5A9A-4DDE-8A8D-5B5A75883162}.Debug|x86.Build.0 = Debug|Any CPU
		{B8E4A13F-5A9A-4DDE-8A8D-5B5A75883162}.Release|Any CPU.ActiveCfg = Release|Any CPU
		{B8E4A13F-5A9A-4DDE-8A8D-5B5A75883162}.Release|Any CPU.Build.0 = Release|Any CPU
		{B8E4A13F-5A9A-4DDE-8A8D-5B5A75883162}.Release|x64.ActiveCfg = Release|Any CPU
		{B8E4A13F-5A9A-4DDE-8A8D-5B5A75883162}.Release|x64.Build.0 = Release|Any CPU
		{B8E4A13F-5A9A-4DDE-8A8D-5B5A75883162}.Release|x86.ActiveCfg = Release|Any CPU
		{B8E4A13F-5A9A-4DDE-8A8D-5B5A75883162}.Release|x86.Build.0 = Release|Any CPU
		{C8E4A13F-5A9A-4DDE-8A8D-5B5A75883163}.Debug|Any CPU.ActiveCfg = Debug|Any CPU
		{C8E4A13F-5A9A-4DDE-8A8D-5B5A75883163}.Debug|Any CPU.Build.0 = Debug|Any CPU
		{C8E4A13F-5A9A-4DDE-8A8D-5B5A75883163}.Debug|x64.ActiveCfg = Debug|Any CPU
		{C8E4A13F-5A9A-4DDE-8A8D-5B5A75883163}.Debug|x64.Build.0 = Debug|Any CPU
		{C8E4A13F-5A9A-4DDE-8A8D-5B5A75883163}.Debug|x86.ActiveCfg = Debug|Any CPU
		{C8E4A13F-5A9A-4DDE-8A8D-5B5A75883163}.Debug|x86.Build.0 = Debug|Any CPU
		{C8E4A13F-5A9A-4DDE-8A8D-5B5A75883163}.Release|Any CPU.ActiveCfg = Release|Any CPU
		{C8E4A13F-5A9A-4DDE-8A8D-5B5A75883163}.Release|Any CPU.Build.0 = Release|Any CPU
		{C8E4A13F-5A9A-4DDE-8A8D-5B5A75883163}.Release|x64.ActiveCfg = Release|Any CPU
		{C8E4A13F-5A9A-4DDE-8A8D-5B5A75883163}.Release|x64.Build.0 = Release|Any CPU
		{C8E4A13F-5A9A-4DDE-8A8D-5B5A75883163}.Release|x86.ActiveCfg = Release|Any CPU
		{C8E4A13F-5A9A-4DDE-8A8D-5B5A75883163}.Release|x86.Build.0 = Release|Any CPU
		{D8E4A13F-5A9A-4DDE-8A8D-5B5A75883164}.Debug|Any CPU.ActiveCfg = Debug|Any CPU
		{D8E4A13F-5A9A-4DDE-8A8D-5B5A75883164}.Debug|Any CPU.Build.0 = Debug|Any CPU
		{D8E4A13F-5A9A-4DDE-8A8D-5B5A75883164}.Debug|x64.ActiveCfg = Debug|Any CPU
		{D8E4A13F-5A9A-4DDE-8A8D-5B5A75883164}.Debug|x64.Build.0 = Debug|Any CPU
		{D8E4A13F-5A9A-4DDE-8A8D-5B5A75883164}.Debug|x86.ActiveCfg = Debug|Any CPU
		{D8E4A13F-5A9A-4DDE-8A8D-5B5A75883164}.Debug|x86.Build.0 = Debug|Any CPU
		{D8E4A13F-5A9A-4DDE-8A8D-5B5A75883164}.Release|Any CPU.ActiveCfg = Release|Any CPU
		{D8E4A13F-5A9A-4DDE-8A8D-5B5A75883164}.Release|Any CPU.Build.0 = Release|Any CPU
		{D8E4A13F-5A9A-4DDE-8A8D-5B5A75883164}.Release|x64.ActiveCfg = Release|Any CPU
		{D8E4A13F-5A9A-4DDE-8A8D-5B5A75883164}.Release|x64.Build.0 = Release|Any CPU
		{D8E4A13F-5A9A-4DDE-8A8D-5B5A75883164}.Release|x86.ActiveCfg = Release|Any CPU
		{D8E4A13F-5A9A-4DDE-8A8D-5B5A75883164}.Release|x86.Build.0 = Release|Any CPU
		{1A4819C2-26B5-4B4B-9243-6D10A5FBB555}.Debug|Any CPU.ActiveCfg = Debug|Any CPU
		{1A4819C2-26B5-4B4B-9243-6D10A5FBB555}.Debug|Any CPU.Build.0 = Debug|Any CPU
		{1A4819C2-26B5-4B4B-9243-6D10A5FBB555}.Debug|x64.ActiveCfg = Debug|Any CPU
		{1A4819C2-26B5-4B4B-9243-6D10A5FBB555}.Debug|x64.Build.0 = Debug|Any CPU
		{1A4819C2-26B5-4B4B-9243-6D10A5FBB555}.Debug|x86.ActiveCfg = Debug|Any CPU
		{1A4819C2-26B5-4B4B-9243-6D10A5FBB555}.Debug|x86.Build.0 = Debug|Any CPU
		{1A4819C2-26B5-4B4B-9243-6D10A5FBB555}.Release|Any CPU.ActiveCfg = Release|Any CPU
		{1A4819C2-26B5-4B4B-9243-6D10A5FBB555}.Release|Any CPU.Build.0 = Release|Any CPU
		{1A4819C2-26B5-4B4B-9243-6D10A5FBB555}.Release|x64.ActiveCfg = Release|Any CPU
		{1A4819C2-26B5-4B4B-9243-6D10A5FBB555}.Release|x64.Build.0 = Release|Any CPU
		{1A4819C2-26B5-4B4B-9243-6D10A5FBB555}.Release|x86.ActiveCfg = Release|Any CPU
		{1A4819C2-26B5-4B4B-9243-6D10A5FBB555}.Release|x86.Build.0 = Release|Any CPU
	EndGlobalSection
	GlobalSection(SolutionProperties) = preSolution
		HideSolutionNode = FALSE
	EndGlobalSection
	GlobalSection(NestedProjects) = preSolution
		{1A4819C2-26B5-4B4B-9243-6D10A5FBB555} = {0AB3BF05-4346-4AA6-1389-037BE0695223}
	EndGlobalSection
EndGlobal
