
Microsoft Visual Studio Solution File, Format Version 12.00
# Visual Studio Version 17
VisualStudioVersion = 17.0.31903.59
MinimumVisualStudioVersion = 10.0.40219.1
Project("{FAE04EC0-301F-11D3-BF4B-00C04F79EFBC}") = "error.Domain", "error.Domain\error.Domain.csproj", "{630FDE95-62CD-418F-B6D9-B960017BD5E5}"
EndProject
Project("{FAE04EC0-301F-11D3-BF4B-00C04F79EFBC}") = "error.Application", "error.Application\error.Application.csproj", "{632A1749-2FDA-4E4B-9119-7873BC98E5C2}"
EndProject
Project("{FAE04EC0-301F-11D3-BF4B-00C04F79EFBC}") = "error.Infrastructure", "error.Infrastructure\error.Infrastructure.csproj", "{AE70C6EA-87E4-4C9E-B274-2E5FAAD4CABE}"
EndProject
Project("{FAE04EC0-301F-11D3-BF4B-00C04F79EFBC}") = "error.Api", "error.Api\error.Api.csproj", "{B259C9E9-3007-4237-9B6A-BE229BE0DF12}"
EndProject
Project("{2150E333-8FDC-42A3-9474-1A3956D46DE8}") = "tests", "tests", "{0AB3BF05-4346-4AA6-1389-037BE0695223}"
EndProject
Project("{FAE04EC0-301F-11D3-BF4B-00C04F79EFBC}") = "error.UnitTests", "tests\error.UnitTests\error.UnitTests.csproj", "{8849E93C-D22B-4EAA-A38D-E248191D1073}"
EndProject
Global
	GlobalSection(SolutionConfigurationPlatforms) = preSolution
		Debug|Any CPU = Debug|Any CPU
		Debug|x64 = Debug|x64
		Debug|x86 = Debug|x86
		Release|Any CPU = Release|Any CPU
		Release|x64 = Release|x64
		Release|x86 = Release|x86
	EndGlobalSection
	GlobalSection(ProjectConfigurationPlatforms) = postSolution
		{630FDE95-62CD-418F-B6D9-B960017BD5E5}.Debug|Any CPU.ActiveCfg = Debug|Any CPU
		{630FDE95-62CD-418F-B6D9-B960017BD5E5}.Debug|Any CPU.Build.0 = Debug|Any CPU
		{630FDE95-62CD-418F-B6D9-B960017BD5E5}.Debug|x64.ActiveCfg = Debug|Any CPU
		{630FDE95-62CD-418F-B6D9-B960017BD5E5}.Debug|x64.Build.0 = Debug|Any CPU
		{630FDE95-62CD-418F-B6D9-B960017BD5E5}.Debug|x86.ActiveCfg = Debug|Any CPU
		{630FDE95-62CD-418F-B6D9-B960017BD5E5}.Debug|x86.Build.0 = Debug|Any CPU
		{630FDE95-62CD-418F-B6D9-B960017BD5E5}.Release|Any CPU.ActiveCfg = Release|Any CPU
		{630FDE95-62CD-418F-B6D9-B960017BD5E5}.Release|Any CPU.Build.0 = Release|Any CPU
		{630FDE95-62CD-418F-B6D9-B960017BD5E5}.Release|x64.ActiveCfg = Release|Any CPU
		{630FDE95-62CD-418F-B6D9-B960017BD5E5}.Release|x64.Build.0 = Release|Any CPU
		{630FDE95-62CD-418F-B6D9-B960017BD5E5}.Release|x86.ActiveCfg = Release|Any CPU
		{630FDE95-62CD-418F-B6D9-B960017BD5E5}.Release|x86.Build.0 = Release|Any CPU
		{632A1749-2FDA-4E4B-9119-7873BC98E5C2}.Debug|Any CPU.ActiveCfg = Debug|Any CPU
		{632A1749-2FDA-4E4B-9119-7873BC98E5C2}.Debug|Any CPU.Build.0 = Debug|Any CPU
		{632A1749-2FDA-4E4B-9119-7873BC98E5C2}.Debug|x64.ActiveCfg = Debug|Any CPU
		{632A1749-2FDA-4E4B-9119-7873BC98E5C2}.Debug|x64.Build.0 = Debug|Any CPU
		{632A1749-2FDA-4E4B-9119-7873BC98E5C2}.Debug|x86.ActiveCfg = Debug|Any CPU
		{632A1749-2FDA-4E4B-9119-7873BC98E5C2}.Debug|x86.Build.0 = Debug|Any CPU
		{632A1749-2FDA-4E4B-9119-7873BC98E5C2}.Release|Any CPU.ActiveCfg = Release|Any CPU
		{632A1749-2FDA-4E4B-9119-7873BC98E5C2}.Release|Any CPU.Build.0 = Release|Any CPU
		{632A1749-2FDA-4E4B-9119-7873BC98E5C2}.Release|x64.ActiveCfg = Release|Any CPU
		{632A1749-2FDA-4E4B-9119-7873BC98E5C2}.Release|x64.Build.0 = Release|Any CPU
		{632A1749-2FDA-4E4B-9119-7873BC98E5C2}.Release|x86.ActiveCfg = Release|Any CPU
		{632A1749-2FDA-4E4B-9119-7873BC98E5C2}.Release|x86.Build.0 = Release|Any CPU
		{AE70C6EA-87E4-4C9E-B274-2E5FAAD4CABE}.Debug|Any CPU.ActiveCfg = Debug|Any CPU
		{AE70C6EA-87E4-4C9E-B274-2E5FAAD4CABE}.Debug|Any CPU.Build.0 = Debug|Any CPU
		{AE70C6EA-87E4-4C9E-B274-2E5FAAD4CABE}.Debug|x64.ActiveCfg = Debug|Any CPU
		{AE70C6EA-87E4-4C9E-B274-2E5FAAD4CABE}.Debug|x64.Build.0 = Debug|Any CPU
		{AE70C6EA-87E4-4C9E-B274-2E5FAAD4CABE}.Debug|x86.ActiveCfg = Debug|Any CPU
		{AE70C6EA-87E4-4C9E-B274-2E5FAAD4CABE}.Debug|x86.Build.0 = Debug|Any CPU
		{AE70C6EA-87E4-4C9E-B274-2E5FAAD4CABE}.Release|Any CPU.ActiveCfg = Release|Any CPU
		{AE70C6EA-87E4-4C9E-B274-2E5FAAD4CABE}.Release|Any CPU.Build.0 = Release|Any CPU
		{AE70C6EA-87E4-4C9E-B274-2E5FAAD4CABE}.Release|x64.ActiveCfg = Release|Any CPU
		{AE70C6EA-87E4-4C9E-B274-2E5FAAD4CABE}.Release|x64.Build.0 = Release|Any CPU
		{AE70C6EA-87E4-4C9E-B274-2E5FAAD4CABE}.Release|x86.ActiveCfg = Release|Any CPU
		{AE70C6EA-87E4-4C9E-B274-2E5FAAD4CABE}.Release|x86.Build.0 = Release|Any CPU
		{B259C9E9-3007-4237-9B6A-BE229BE0DF12}.Debug|Any CPU.ActiveCfg = Debug|Any CPU
		{B259C9E9-3007-4237-9B6A-BE229BE0DF12}.Debug|Any CPU.Build.0 = Debug|Any CPU
		{B259C9E9-3007-4237-9B6A-BE229BE0DF12}.Debug|x64.ActiveCfg = Debug|Any CPU
		{B259C9E9-3007-4237-9B6A-BE229BE0DF12}.Debug|x64.Build.0 = Debug|Any CPU
		{B259C9E9-3007-4237-9B6A-BE229BE0DF12}.Debug|x86.ActiveCfg = Debug|Any CPU
		{B259C9E9-3007-4237-9B6A-BE229BE0DF12}.Debug|x86.Build.0 = Debug|Any CPU
		{B259C9E9-3007-4237-9B6A-BE229BE0DF12}.Release|Any CPU.ActiveCfg = Release|Any CPU
		{B259C9E9-3007-4237-9B6A-BE229BE0DF12}.Release|Any CPU.Build.0 = Release|Any CPU
		{B259C9E9-3007-4237-9B6A-BE229BE0DF12}.Release|x64.ActiveCfg = Release|Any CPU
		{B259C9E9-3007-4237-9B6A-BE229BE0DF12}.Release|x64.Build.0 = Release|Any CPU
		{B259C9E9-3007-4237-9B6A-BE229BE0DF12}.Release|x86.ActiveCfg = Release|Any CPU
		{B259C9E9-3007-4237-9B6A-BE229BE0DF12}.Release|x86.Build.0 = Release|Any CPU
		{8849E93C-D22B-4EAA-A38D-E248191D1073}.Debug|Any CPU.ActiveCfg = Debug|Any CPU
		{8849E93C-D22B-4EAA-A38D-E248191D1073}.Debug|Any CPU.Build.0 = Debug|Any CPU
		{8849E93C-D22B-4EAA-A38D-E248191D1073}.Debug|x64.ActiveCfg = Debug|Any CPU
		{8849E93C-D22B-4EAA-A38D-E248191D1073}.Debug|x64.Build.0 = Debug|Any CPU
		{8849E93C-D22B-4EAA-A38D-E248191D1073}.Debug|x86.ActiveCfg = Debug|Any CPU
		{8849E93C-D22B-4EAA-A38D-E248191D1073}.Debug|x86.Build.0 = Debug|Any CPU
		{8849E93C-D22B-4EAA-A38D-E248191D1073}.Release|Any CPU.ActiveCfg = Release|Any CPU
		{8849E93C-D22B-4EAA-A38D-E248191D1073}.Release|Any CPU.Build.0 = Release|Any CPU
		{8849E93C-D22B-4EAA-A38D-E248191D1073}.Release|x64.ActiveCfg = Release|Any CPU
		{8849E93C-D22B-4EAA-A38D-E248191D1073}.Release|x64.Build.0 = Release|Any CPU
		{8849E93C-D22B-4EAA-A38D-E248191D1073}.Release|x86.ActiveCfg = Release|Any CPU
		{8849E93C-D22B-4EAA-A38D-E248191D1073}.Release|x86.Build.0 = Release|Any CPU
	EndGlobalSection
	GlobalSection(SolutionProperties) = preSolution
		HideSolutionNode = FALSE
	EndGlobalSection
	GlobalSection(NestedProjects) = preSolution
		{8849E93C-D22B-4EAA-A38D-E248191D1073} = {0AB3BF05-4346-4AA6-1389-037BE0695223}
	EndGlobalSection
EndGlobal
